<Solution>
  <Project Path="C# Fundamentals - Part 2/C# Fundamentals - Part 2.csproj" Id="99ac70ca-943d-4192-b2cb-59758a120e8a" />
  <Project Path="C# Fundamentals - Part 3/C# Fundamentals - Part 3.csproj" Id="690831fb-8636-4cbb-9b1c-c3d929d25ee9" />
  <Project Path="C# Fundamentals - Part 4/C# Fundamentals - Part 4.csproj" Id="fa1f80af-75fb-4f1d-94af-6de7adf830e7" />
  <Project Path="Sparktocode C# Fundamentals/Sparktocode C# Fundamentals.csproj" />
</Solution>
